// !$*UTF8*$!
{
	archiveVersion = 1;
	classes = {
	};
	objectVersion = 45;
	objects = {

/* Begin PBXBuildFile section */
		186A65C71B37A3CC002AF9A6 /* LoginBackScene.cpp in Sources */ = {isa = PBXBuildFile; fileRef = 186A65C61B37A3CC002AF9A6 /* LoginBackScene.cpp */; };
		186A65C91B37A3DD002AF9A6 /* PayBackScene.cpp in Sources */ = {isa = PBXBuildFile; fileRef = 186A65C81B37A3DD002AF9A6 /* PayBackScene.cpp */; };
		186A677A1B37A892002AF9A6 /* AssetsManager.cpp in Sources */ = {isa = PBXBuildFile; fileRef = 186A65CE1B37A892002AF9A6 /* AssetsManager.cpp */; };
		186A677B1B37A892002AF9A6 /* CCBAnimationManager.cpp in Sources */ = {isa = PBXBuildFile; fileRef = 186A65D11B37A892002AF9A6 /* CCBAnimationManager.cpp */; };
		186A677C1B37A892002AF9A6 /* CCBFileLoader.cpp in Sources */ = {isa = PBXBuildFile; fileRef = 186A65D31B37A892002AF9A6 /* CCBFileLoader.cpp */; };
		186A677D1B37A892002AF9A6 /* CCBKeyframe.cpp in Sources */ = {isa = PBXBuildFile; fileRef = 186A65D51B37A892002AF9A6 /* CCBKeyframe.cpp */; };
		186A677E1B37A892002AF9A6 /* CCBReader.cpp in Sources */ = {isa = PBXBuildFile; fileRef = 186A65D81B37A892002AF9A6 /* CCBReader.cpp */; };
		186A677F1B37A892002AF9A6 /* CCBSequence.cpp in Sources */ = {isa = PBXBuildFile; fileRef = 186A65DB1B37A892002AF9A6 /* CCBSequence.cpp */; };
		186A67801B37A892002AF9A6 /* CCBSequenceProperty.cpp in Sources */ = {isa = PBXBuildFile; fileRef = 186A65DD1B37A892002AF9A6 /* CCBSequenceProperty.cpp */; };
		186A67811B37A892002AF9A6 /* CCBValue.cpp in Sources */ = {isa = PBXBuildFile; fileRef = 186A65DF1B37A892002AF9A6 /* CCBValue.cpp */; };
		186A67821B37A892002AF9A6 /* CCControlButtonLoader.cpp in Sources */ = {isa = PBXBuildFile; fileRef = 186A65E11B37A892002AF9A6 /* CCControlButtonLoader.cpp */; };
		186A67831B37A892002AF9A6 /* CCControlLoader.cpp in Sources */ = {isa = PBXBuildFile; fileRef = 186A65E31B37A892002AF9A6 /* CCControlLoader.cpp */; };
		186A67841B37A892002AF9A6 /* CCData.cpp in Sources */ = {isa = PBXBuildFile; fileRef = 186A65E51B37A892002AF9A6 /* CCData.cpp */; };
		186A67851B37A892002AF9A6 /* CCLabelBMFontLoader.cpp in Sources */ = {isa = PBXBuildFile; fileRef = 186A65E71B37A892002AF9A6 /* CCLabelBMFontLoader.cpp */; };
		186A67861B37A892002AF9A6 /* CCLabelTTFLoader.cpp in Sources */ = {isa = PBXBuildFile; fileRef = 186A65E91B37A892002AF9A6 /* CCLabelTTFLoader.cpp */; };
		186A67871B37A892002AF9A6 /* CCLayerColorLoader.cpp in Sources */ = {isa = PBXBuildFile; fileRef = 186A65EB1B37A892002AF9A6 /* CCLayerColorLoader.cpp */; };
		186A67881B37A892002AF9A6 /* CCLayerGradientLoader.cpp in Sources */ = {isa = PBXBuildFile; fileRef = 186A65ED1B37A892002AF9A6 /* CCLayerGradientLoader.cpp */; };
		186A67891B37A892002AF9A6 /* CCLayerLoader.cpp in Sources */ = {isa = PBXBuildFile; fileRef = 186A65EF1B37A892002AF9A6 /* CCLayerLoader.cpp */; };
		186A678A1B37A892002AF9A6 /* CCMenuItemImageLoader.cpp in Sources */ = {isa = PBXBuildFile; fileRef = 186A65F11B37A892002AF9A6 /* CCMenuItemImageLoader.cpp */; };
		186A678B1B37A892002AF9A6 /* CCMenuItemLoader.cpp in Sources */ = {isa = PBXBuildFile; fileRef = 186A65F31B37A892002AF9A6 /* CCMenuItemLoader.cpp */; };
		186A678C1B37A892002AF9A6 /* CCNode+CCBRelativePositioning.cpp in Sources */ = {isa = PBXBuildFile; fileRef = 186A65F61B37A892002AF9A6 /* CCNode+CCBRelativePositioning.cpp */; };
		186A678D1B37A892002AF9A6 /* CCNodeLoader.cpp in Sources */ = {isa = PBXBuildFile; fileRef = 186A65F81B37A892002AF9A6 /* CCNodeLoader.cpp */; };
		186A678E1B37A892002AF9A6 /* CCNodeLoaderLibrary.cpp in Sources */ = {isa = PBXBuildFile; fileRef = 186A65FA1B37A892002AF9A6 /* CCNodeLoaderLibrary.cpp */; };
		186A678F1B37A892002AF9A6 /* CCParticleSystemQuadLoader.cpp in Sources */ = {isa = PBXBuildFile; fileRef = 186A65FD1B37A892002AF9A6 /* CCParticleSystemQuadLoader.cpp */; };
		186A67901B37A892002AF9A6 /* CCScale9SpriteLoader.cpp in Sources */ = {isa = PBXBuildFile; fileRef = 186A65FF1B37A892002AF9A6 /* CCScale9SpriteLoader.cpp */; };
		186A67911B37A892002AF9A6 /* CCScrollViewLoader.cpp in Sources */ = {isa = PBXBuildFile; fileRef = 186A66011B37A892002AF9A6 /* CCScrollViewLoader.cpp */; };
		186A67921B37A892002AF9A6 /* CCSpriteLoader.cpp in Sources */ = {isa = PBXBuildFile; fileRef = 186A66031B37A892002AF9A6 /* CCSpriteLoader.cpp */; };
		186A67E01B37A892002AF9A6 /* CCControl.cpp in Sources */ = {isa = PBXBuildFile; fileRef = 186A66DA1B37A892002AF9A6 /* CCControl.cpp */; };
		186A67E11B37A892002AF9A6 /* CCControlButton.cpp in Sources */ = {isa = PBXBuildFile; fileRef = 186A66DC1B37A892002AF9A6 /* CCControlButton.cpp */; };
		186A67E91B37A892002AF9A6 /* CCControlUtils.cpp in Sources */ = {isa = PBXBuildFile; fileRef = 186A66ED1B37A892002AF9A6 /* CCControlUtils.cpp */; };
		186A67EA1B37A892002AF9A6 /* CCInvocation.cpp in Sources */ = {isa = PBXBuildFile; fileRef = 186A66EF1B37A892002AF9A6 /* CCInvocation.cpp */; };
		186A67EB1B37A892002AF9A6 /* CCScale9Sprite.cpp in Sources */ = {isa = PBXBuildFile; fileRef = 186A66F11B37A892002AF9A6 /* CCScale9Sprite.cpp */; };
		186A67EC1B37A892002AF9A6 /* CCEditBox.cpp in Sources */ = {isa = PBXBuildFile; fileRef = 186A66F41B37A892002AF9A6 /* CCEditBox.cpp */; };
		186A67EE1B37A892002AF9A6 /* CCEditBoxImplIOS.mm in Sources */ = {isa = PBXBuildFile; fileRef = 186A66FA1B37A892002AF9A6 /* CCEditBoxImplIOS.mm */; };
		186A67F51B37A892002AF9A6 /* CCScrollView.cpp in Sources */ = {isa = PBXBuildFile; fileRef = 186A67071B37A892002AF9A6 /* CCScrollView.cpp */; };
		186A67F61B37A892002AF9A6 /* CCSorting.cpp in Sources */ = {isa = PBXBuildFile; fileRef = 186A67091B37A892002AF9A6 /* CCSorting.cpp */; };
		186A67F71B37A892002AF9A6 /* CCTableView.cpp in Sources */ = {isa = PBXBuildFile; fileRef = 186A670B1B37A892002AF9A6 /* CCTableView.cpp */; };
		186A67F81B37A892002AF9A6 /* CCTableViewCell.cpp in Sources */ = {isa = PBXBuildFile; fileRef = 186A670D1B37A892002AF9A6 /* CCTableViewCell.cpp */; };
		186A67F91B37A892002AF9A6 /* LocalStorage.cpp in Sources */ = {isa = PBXBuildFile; fileRef = 186A67101B37A892002AF9A6 /* LocalStorage.cpp */; };
		186A67FB1B37A892002AF9A6 /* HttpClient.cpp in Sources */ = {isa = PBXBuildFile; fileRef = 186A67141B37A892002AF9A6 /* HttpClient.cpp */; };
		186A67FC1B37A892002AF9A6 /* WebSocket.cpp in Sources */ = {isa = PBXBuildFile; fileRef = 186A67181B37A892002AF9A6 /* WebSocket.cpp */; };
		186A68331B37AB50002AF9A6 /* libwebsockets.a in Frameworks */ = {isa = PBXBuildFile; fileRef = 186A68321B37AB50002AF9A6 /* libwebsockets.a */; };
		186A68351B37AB68002AF9A6 /* libcurl.a in Frameworks */ = {isa = PBXBuildFile; fileRef = 186A68341B37AB68002AF9A6 /* libcurl.a */; };
		186A68371B37ABE8002AF9A6 /* libsqlite3.dylib in Frameworks */ = {isa = PBXBuildFile; fileRef = 186A68361B37ABE8002AF9A6 /* libsqlite3.dylib */; };
		18B1EADB1B383F6B003201A8 /* SettingScene.cpp in Sources */ = {isa = PBXBuildFile; fileRef = 18B1EADA1B383F6B003201A8 /* SettingScene.cpp */; };
		18B1EADE1B3849CA003201A8 /* control_normal.png in Resources */ = {isa = PBXBuildFile; fileRef = 18B1EADC1B3849CA003201A8 /* control_normal.png */; };
		18B1EADF1B3849CA003201A8 /* control_selected.png in Resources */ = {isa = PBXBuildFile; fileRef = 18B1EADD1B3849CA003201A8 /* control_selected.png */; };
		18B634BE1B370A6E007B2926 /* CDAudioManager.m in Sources */ = {isa = PBXBuildFile; fileRef = 18B6342D1B370A6E007B2926 /* CDAudioManager.m */; };
		18B634BF1B370A6E007B2926 /* CDOpenALSupport.m in Sources */ = {isa = PBXBuildFile; fileRef = 18B634301B370A6E007B2926 /* CDOpenALSupport.m */; };
		18B634C01B370A6E007B2926 /* CocosDenshion.m in Sources */ = {isa = PBXBuildFile; fileRef = 18B634321B370A6E007B2926 /* CocosDenshion.m */; };
		18B634C11B370A6E007B2926 /* SimpleAudioEngine.mm in Sources */ = {isa = PBXBuildFile; fileRef = 18B634331B370A6E007B2926 /* SimpleAudioEngine.mm */; };
		18B634C21B370A6E007B2926 /* SimpleAudioEngine_objc.m in Sources */ = {isa = PBXBuildFile; fileRef = 18B634351B370A6E007B2926 /* SimpleAudioEngine_objc.m */; };
		18B634FF1B370AEA007B2926 /* libcocos2dx.a in Frameworks */ = {isa = PBXBuildFile; fileRef = 18B634061B370913007B2926 /* libcocos2dx.a */; };
		18B635021B370CB4007B2926 /* NS_SDKFactory.cpp in Sources */ = {isa = PBXBuildFile; fileRef = 18B635011B370CB4007B2926 /* NS_SDKFactory.cpp */; };
		18B635081B370FAE007B2926 /* NS_SDKManager.cpp in Sources */ = {isa = PBXBuildFile; fileRef = 18B635071B370FAE007B2926 /* NS_SDKManager.cpp */; };
		18B6350A1B371196007B2926 /* NS_SDKPlatformAndroid.cpp in Sources */ = {isa = PBXBuildFile; fileRef = 18B635091B371196007B2926 /* NS_SDKPlatformAndroid.cpp */; };
		18D5BAE91B398D1F008387B7 /* JavaHelper.cpp in Sources */ = {isa = PBXBuildFile; fileRef = 18D5BAE81B398D1F008387B7 /* JavaHelper.cpp */; };
		1D60589F0D05DD5A006BFB54 /* Foundation.framework in Frameworks */ = {isa = PBXBuildFile; fileRef = 1D30AB110D05D00D00671497 /* Foundation.framework */; };
		1DF5F4E00D08C38300B7A737 /* UIKit.framework in Frameworks */ = {isa = PBXBuildFile; fileRef = 1DF5F4DF0D08C38300B7A737 /* UIKit.framework */; };
		288765A50DF7441C002DB57D /* CoreGraphics.framework in Frameworks */ = {isa = PBXBuildFile; fileRef = 288765A40DF7441C002DB57D /* CoreGraphics.framework */; };
		782F4619153FEDF0009FC2E5 /* Default.png in Resources */ = {isa = PBXBuildFile; fileRef = 782F4617153FEDF0009FC2E5 /* Default.png */; };
		BF1373EF128A898400D9F789 /* OpenGLES.framework in Frameworks */ = {isa = PBXBuildFile; fileRef = BF492D4B1289302400A09262 /* OpenGLES.framework */; };
		BF1373F0128A899500D9F789 /* libxml2.dylib in Frameworks */ = {isa = PBXBuildFile; fileRef = BF492C21128924A800A09262 /* libxml2.dylib */; };
		BF1373F1128A899E00D9F789 /* libz.dylib in Frameworks */ = {isa = PBXBuildFile; fileRef = BF492B6912891AC600A09262 /* libz.dylib */; };
		BF13742F128A8E6A00D9F789 /* QuartzCore.framework in Frameworks */ = {isa = PBXBuildFile; fileRef = BF137426128A8E4600D9F789 /* QuartzCore.framework */; };
		BF23D4E7143315EB00657E08 /* AppDelegate.cpp in Sources */ = {isa = PBXBuildFile; fileRef = BF23D4E3143315EB00657E08 /* AppDelegate.cpp */; };
		BF23D4E8143315EB00657E08 /* HelloWorldScene.cpp in Sources */ = {isa = PBXBuildFile; fileRef = BF23D4E5143315EB00657E08 /* HelloWorldScene.cpp */; };
		BF365AA812A103F70050DCF4 /* AppController.mm in Sources */ = {isa = PBXBuildFile; fileRef = BF365AA712A103F70050DCF4 /* AppController.mm */; };
		BF4DE6AD138BB89600CF907D /* RootViewController.mm in Sources */ = {isa = PBXBuildFile; fileRef = BF4DE6AC138BB89600CF907D /* RootViewController.mm */; };
		D41A0AC6160F14F5004552AE /* Default-568h@2x.png in Resources */ = {isa = PBXBuildFile; fileRef = D41A0AC5160F14F5004552AE /* Default-568h@2x.png */; };
		D446FD47161020AC000ADA7B /* Default@2x.png in Resources */ = {isa = PBXBuildFile; fileRef = D446FD46161020AB000ADA7B /* Default@2x.png */; };
		D4ABB4B313B4395300552E6E /* main.m in Sources */ = {isa = PBXBuildFile; fileRef = D4ABB4B213B4395300552E6E /* main.m */; };
		D4E6BC9215FCB5BA008BF525 /* GameOverScene.cpp in Sources */ = {isa = PBXBuildFile; fileRef = D4E6BC9015FCB5BA008BF525 /* GameOverScene.cpp */; };
		D4E6BCC815FCB6AA008BF525 /* background-music-aac.wav in Resources */ = {isa = PBXBuildFile; fileRef = D4E6BCC415FCB6AA008BF525 /* background-music-aac.wav */; };
		D4E6BCC915FCB6AA008BF525 /* hd in Resources */ = {isa = PBXBuildFile; fileRef = D4E6BCC515FCB6AA008BF525 /* hd */; };
		D4E6BCCA15FCB6AA008BF525 /* pew-pew-lei.wav in Resources */ = {isa = PBXBuildFile; fileRef = D4E6BCC615FCB6AA008BF525 /* pew-pew-lei.wav */; };
		D4E6BCCB15FCB6AA008BF525 /* sd in Resources */ = {isa = PBXBuildFile; fileRef = D4E6BCC715FCB6AA008BF525 /* sd */; };
		D4E6BCCC15FCBABC008BF525 /* OpenAL.framework in Frameworks */ = {isa = PBXBuildFile; fileRef = 781C33B11547F06B00633F88 /* OpenAL.framework */; };
		D4E6BCCD15FCBAC8008BF525 /* AVFoundation.framework in Frameworks */ = {isa = PBXBuildFile; fileRef = 781C33B51547F06B00633F88 /* AVFoundation.framework */; };
		D4E6BCCE15FCBAD7008BF525 /* AudioToolbox.framework in Frameworks */ = {isa = PBXBuildFile; fileRef = 781C33B31547F06B00633F88 /* AudioToolbox.framework */; };
		D4EF94E815BD319200D803EB /* Icon-57.png in Resources */ = {isa = PBXBuildFile; fileRef = D4EF94E715BD319200D803EB /* Icon-57.png */; };
		D4EF94EA15BD319500D803EB /* Icon-114.png in Resources */ = {isa = PBXBuildFile; fileRef = D4EF94E915BD319500D803EB /* Icon-114.png */; };
		D4EF94EC15BD319B00D803EB /* Icon-72.png in Resources */ = {isa = PBXBuildFile; fileRef = D4EF94EB15BD319B00D803EB /* Icon-72.png */; };
		D4EF94EE15BD319D00D803EB /* Icon-144.png in Resources */ = {isa = PBXBuildFile; fileRef = D4EF94ED15BD319D00D803EB /* Icon-144.png */; };
/* End PBXBuildFile section */

/* Begin PBXContainerItemProxy section */
		18B634051B370913007B2926 /* PBXContainerItemProxy */ = {
			isa = PBXContainerItemProxy;
			containerPortal = 18B634011B370912007B2926 /* cocos2dx.xcodeproj */;
			proxyType = 2;
			remoteGlobalIDString = 1551A33F158F2AB200E66CFE;
			remoteInfo = cocos2dx;
		};
		18B634081B3709AB007B2926 /* PBXContainerItemProxy */ = {
			isa = PBXContainerItemProxy;
			containerPortal = 18B634011B370912007B2926 /* cocos2dx.xcodeproj */;
			proxyType = 1;
			remoteGlobalIDString = 1551A33E158F2AB200E66CFE;
			remoteInfo = cocos2dx;
		};
/* End PBXContainerItemProxy section */

/* Begin PBXFileReference section */
		186A65C51B37A3BD002AF9A6 /* LoginBackScene.h */ = {isa = PBXFileReference; lastKnownFileType = sourcecode.c.h; path = LoginBackScene.h; sourceTree = "<group>"; };
		186A65C61B37A3CC002AF9A6 /* LoginBackScene.cpp */ = {isa = PBXFileReference; fileEncoding = 4; lastKnownFileType = sourcecode.cpp.cpp; path = LoginBackScene.cpp; sourceTree = "<group>"; };
		186A65C81B37A3DD002AF9A6 /* PayBackScene.cpp */ = {isa = PBXFileReference; fileEncoding = 4; lastKnownFileType = sourcecode.cpp.cpp; path = PayBackScene.cpp; sourceTree = "<group>"; };
		186A65CA1B37A3F5002AF9A6 /* PayBackScene.h */ = {isa = PBXFileReference; lastKnownFileType = sourcecode.c.h; path = PayBackScene.h; sourceTree = "<group>"; };
		186A65CE1B37A892002AF9A6 /* AssetsManager.cpp */ = {isa = PBXFileReference; fileEncoding = 4; lastKnownFileType = sourcecode.cpp.cpp; path = AssetsManager.cpp; sourceTree = "<group>"; };
		186A65CF1B37A892002AF9A6 /* AssetsManager.h */ = {isa = PBXFileReference; fileEncoding = 4; lastKnownFileType = sourcecode.c.h; path = AssetsManager.h; sourceTree = "<group>"; };
		186A65D11B37A892002AF9A6 /* CCBAnimationManager.cpp */ = {isa = PBXFileReference; fileEncoding = 4; lastKnownFileType = sourcecode.cpp.cpp; path = CCBAnimationManager.cpp; sourceTree = "<group>"; };
		186A65D21B37A892002AF9A6 /* CCBAnimationManager.h */ = {isa = PBXFileReference; fileEncoding = 4; lastKnownFileType = sourcecode.c.h; path = CCBAnimationManager.h; sourceTree = "<group>"; };
		186A65D31B37A892002AF9A6 /* CCBFileLoader.cpp */ = {isa = PBXFileReference; fileEncoding = 4; lastKnownFileType = sourcecode.cpp.cpp; path = CCBFileLoader.cpp; sourceTree = "<group>"; };
		186A65D41B37A892002AF9A6 /* CCBFileLoader.h */ = {isa = PBXFileReference; fileEncoding = 4; lastKnownFileType = sourcecode.c.h; path = CCBFileLoader.h; sourceTree = "<group>"; };
		186A65D51B37A892002AF9A6 /* CCBKeyframe.cpp */ = {isa = PBXFileReference; fileEncoding = 4; lastKnownFileType = sourcecode.cpp.cpp; path = CCBKeyframe.cpp; sourceTree = "<group>"; };
		186A65D61B37A892002AF9A6 /* CCBKeyframe.h */ = {isa = PBXFileReference; fileEncoding = 4; lastKnownFileType = sourcecode.c.h; path = CCBKeyframe.h; sourceTree = "<group>"; };
		186A65D71B37A892002AF9A6 /* CCBMemberVariableAssigner.h */ = {isa = PBXFileReference; fileEncoding = 4; lastKnownFileType = sourcecode.c.h; path = CCBMemberVariableAssigner.h; sourceTree = "<group>"; };
		186A65D81B37A892002AF9A6 /* CCBReader.cpp */ = {isa = PBXFileReference; fileEncoding = 4; lastKnownFileType = sourcecode.cpp.cpp; path = CCBReader.cpp; sourceTree = "<group>"; };
		186A65D91B37A892002AF9A6 /* CCBReader.h */ = {isa = PBXFileReference; fileEncoding = 4; lastKnownFileType = sourcecode.c.h; path = CCBReader.h; sourceTree = "<group>"; };
		186A65DA1B37A892002AF9A6 /* CCBSelectorResolver.h */ = {isa = PBXFileReference; fileEncoding = 4; lastKnownFileType = sourcecode.c.h; path = CCBSelectorResolver.h; sourceTree = "<group>"; };
		186A65DB1B37A892002AF9A6 /* CCBSequence.cpp */ = {isa = PBXFileReference; fileEncoding = 4; lastKnownFileType = sourcecode.cpp.cpp; path = CCBSequence.cpp; sourceTree = "<group>"; };
		186A65DC1B37A892002AF9A6 /* CCBSequence.h */ = {isa = PBXFileReference; fileEncoding = 4; lastKnownFileType = sourcecode.c.h; path = CCBSequence.h; sourceTree = "<group>"; };
		186A65DD1B37A892002AF9A6 /* CCBSequenceProperty.cpp */ = {isa = PBXFileReference; fileEncoding = 4; lastKnownFileType = sourcecode.cpp.cpp; path = CCBSequenceProperty.cpp; sourceTree = "<group>"; };
		186A65DE1B37A892002AF9A6 /* CCBSequenceProperty.h */ = {isa = PBXFileReference; fileEncoding = 4; lastKnownFileType = sourcecode.c.h; path = CCBSequenceProperty.h; sourceTree = "<group>"; };
		186A65DF1B37A892002AF9A6 /* CCBValue.cpp */ = {isa = PBXFileReference; fileEncoding = 4; lastKnownFileType = sourcecode.cpp.cpp; path = CCBValue.cpp; sourceTree = "<group>"; };
		186A65E01B37A892002AF9A6 /* CCBValue.h */ = {isa = PBXFileReference; fileEncoding = 4; lastKnownFileType = sourcecode.c.h; path = CCBValue.h; sourceTree = "<group>"; };
		186A65E11B37A892002AF9A6 /* CCControlButtonLoader.cpp */ = {isa = PBXFileReference; fileEncoding = 4; lastKnownFileType = sourcecode.cpp.cpp; path = CCControlButtonLoader.cpp; sourceTree = "<group>"; };
		186A65E21B37A892002AF9A6 /* CCControlButtonLoader.h */ = {isa = PBXFileReference; fileEncoding = 4; lastKnownFileType = sourcecode.c.h; path = CCControlButtonLoader.h; sourceTree = "<group>"; };
		186A65E31B37A892002AF9A6 /* CCControlLoader.cpp */ = {isa = PBXFileReference; fileEncoding = 4; lastKnownFileType = sourcecode.cpp.cpp; path = CCControlLoader.cpp; sourceTree = "<group>"; };
		186A65E41B37A892002AF9A6 /* CCControlLoader.h */ = {isa = PBXFileReference; fileEncoding = 4; lastKnownFileType = sourcecode.c.h; path = CCControlLoader.h; sourceTree = "<group>"; };
		186A65E51B37A892002AF9A6 /* CCData.cpp */ = {isa = PBXFileReference; fileEncoding = 4; lastKnownFileType = sourcecode.cpp.cpp; path = CCData.cpp; sourceTree = "<group>"; };
		186A65E61B37A892002AF9A6 /* CCData.h */ = {isa = PBXFileReference; fileEncoding = 4; lastKnownFileType = sourcecode.c.h; path = CCData.h; sourceTree = "<group>"; };
		186A65E71B37A892002AF9A6 /* CCLabelBMFontLoader.cpp */ = {isa = PBXFileReference; fileEncoding = 4; lastKnownFileType = sourcecode.cpp.cpp; path = CCLabelBMFontLoader.cpp; sourceTree = "<group>"; };
		186A65E81B37A892002AF9A6 /* CCLabelBMFontLoader.h */ = {isa = PBXFileReference; fileEncoding = 4; lastKnownFileType = sourcecode.c.h; path = CCLabelBMFontLoader.h; sourceTree = "<group>"; };
		186A65E91B37A892002AF9A6 /* CCLabelTTFLoader.cpp */ = {isa = PBXFileReference; fileEncoding = 4; lastKnownFileType = sourcecode.cpp.cpp; path = CCLabelTTFLoader.cpp; sourceTree = "<group>"; };
		186A65EA1B37A892002AF9A6 /* CCLabelTTFLoader.h */ = {isa = PBXFileReference; fileEncoding = 4; lastKnownFileType = sourcecode.c.h; path = CCLabelTTFLoader.h; sourceTree = "<group>"; };
		186A65EB1B37A892002AF9A6 /* CCLayerColorLoader.cpp */ = {isa = PBXFileReference; fileEncoding = 4; lastKnownFileType = sourcecode.cpp.cpp; path = CCLayerColorLoader.cpp; sourceTree = "<group>"; };
		186A65EC1B37A892002AF9A6 /* CCLayerColorLoader.h */ = {isa = PBXFileReference; fileEncoding = 4; lastKnownFileType = sourcecode.c.h; path = CCLayerColorLoader.h; sourceTree = "<group>"; };
		186A65ED1B37A892002AF9A6 /* CCLayerGradientLoader.cpp */ = {isa = PBXFileReference; fileEncoding = 4; lastKnownFileType = sourcecode.cpp.cpp; path = CCLayerGradientLoader.cpp; sourceTree = "<group>"; };
		186A65EE1B37A892002AF9A6 /* CCLayerGradientLoader.h */ = {isa = PBXFileReference; fileEncoding = 4; lastKnownFileType = sourcecode.c.h; path = CCLayerGradientLoader.h; sourceTree = "<group>"; };
		186A65EF1B37A892002AF9A6 /* CCLayerLoader.cpp */ = {isa = PBXFileReference; fileEncoding = 4; lastKnownFileType = sourcecode.cpp.cpp; path = CCLayerLoader.cpp; sourceTree = "<group>"; };
		186A65F01B37A892002AF9A6 /* CCLayerLoader.h */ = {isa = PBXFileReference; fileEncoding = 4; lastKnownFileType = sourcecode.c.h; path = CCLayerLoader.h; sourceTree = "<group>"; };
		186A65F11B37A892002AF9A6 /* CCMenuItemImageLoader.cpp */ = {isa = PBXFileReference; fileEncoding = 4; lastKnownFileType = sourcecode.cpp.cpp; path = CCMenuItemImageLoader.cpp; sourceTree = "<group>"; };
		186A65F21B37A892002AF9A6 /* CCMenuItemImageLoader.h */ = {isa = PBXFileReference; fileEncoding = 4; lastKnownFileType = sourcecode.c.h; path = CCMenuItemImageLoader.h; sourceTree = "<group>"; };
		186A65F31B37A892002AF9A6 /* CCMenuItemLoader.cpp */ = {isa = PBXFileReference; fileEncoding = 4; lastKnownFileType = sourcecode.cpp.cpp; path = CCMenuItemLoader.cpp; sourceTree = "<group>"; };
		186A65F41B37A892002AF9A6 /* CCMenuItemLoader.h */ = {isa = PBXFileReference; fileEncoding = 4; lastKnownFileType = sourcecode.c.h; path = CCMenuItemLoader.h; sourceTree = "<group>"; };
		186A65F51B37A892002AF9A6 /* CCMenuLoader.h */ = {isa = PBXFileReference; fileEncoding = 4; lastKnownFileType = sourcecode.c.h; path = CCMenuLoader.h; sourceTree = "<group>"; };
		186A65F61B37A892002AF9A6 /* CCNode+CCBRelativePositioning.cpp */ = {isa = PBXFileReference; fileEncoding = 4; lastKnownFileType = sourcecode.cpp.cpp; path = "CCNode+CCBRelativePositioning.cpp"; sourceTree = "<group>"; };
		186A65F71B37A892002AF9A6 /* CCNode+CCBRelativePositioning.h */ = {isa = PBXFileReference; fileEncoding = 4; lastKnownFileType = sourcecode.c.h; path = "CCNode+CCBRelativePositioning.h"; sourceTree = "<group>"; };
		186A65F81B37A892002AF9A6 /* CCNodeLoader.cpp */ = {isa = PBXFileReference; fileEncoding = 4; lastKnownFileType = sourcecode.cpp.cpp; path = CCNodeLoader.cpp; sourceTree = "<group>"; };
		186A65F91B37A892002AF9A6 /* CCNodeLoader.h */ = {isa = PBXFileReference; fileEncoding = 4; lastKnownFileType = sourcecode.c.h; path = CCNodeLoader.h; sourceTree = "<group>"; };
		186A65FA1B37A892002AF9A6 /* CCNodeLoaderLibrary.cpp */ = {isa = PBXFileReference; fileEncoding = 4; lastKnownFileType = sourcecode.cpp.cpp; path = CCNodeLoaderLibrary.cpp; sourceTree = "<group>"; };
		186A65FB1B37A892002AF9A6 /* CCNodeLoaderLibrary.h */ = {isa = PBXFileReference; fileEncoding = 4; lastKnownFileType = sourcecode.c.h; path = CCNodeLoaderLibrary.h; sourceTree = "<group>"; };
		186A65FC1B37A892002AF9A6 /* CCNodeLoaderListener.h */ = {isa = PBXFileReference; fileEncoding = 4; lastKnownFileType = sourcecode.c.h; path = CCNodeLoaderListener.h; sourceTree = "<group>"; };
		186A65FD1B37A892002AF9A6 /* CCParticleSystemQuadLoader.cpp */ = {isa = PBXFileReference; fileEncoding = 4; lastKnownFileType = sourcecode.cpp.cpp; path = CCParticleSystemQuadLoader.cpp; sourceTree = "<group>"; };
		186A65FE1B37A892002AF9A6 /* CCParticleSystemQuadLoader.h */ = {isa = PBXFileReference; fileEncoding = 4; lastKnownFileType = sourcecode.c.h; path = CCParticleSystemQuadLoader.h; sourceTree = "<group>"; };
		186A65FF1B37A892002AF9A6 /* CCScale9SpriteLoader.cpp */ = {isa = PBXFileReference; fileEncoding = 4; lastKnownFileType = sourcecode.cpp.cpp; path = CCScale9SpriteLoader.cpp; sourceTree = "<group>"; };
		186A66001B37A892002AF9A6 /* CCScale9SpriteLoader.h */ = {isa = PBXFileReference; fileEncoding = 4; lastKnownFileType = sourcecode.c.h; path = CCScale9SpriteLoader.h; sourceTree = "<group>"; };
		186A66011B37A892002AF9A6 /* CCScrollViewLoader.cpp */ = {isa = PBXFileReference; fileEncoding = 4; lastKnownFileType = sourcecode.cpp.cpp; path = CCScrollViewLoader.cpp; sourceTree = "<group>"; };
		186A66021B37A892002AF9A6 /* CCScrollViewLoader.h */ = {isa = PBXFileReference; fileEncoding = 4; lastKnownFileType = sourcecode.c.h; path = CCScrollViewLoader.h; sourceTree = "<group>"; };
		186A66031B37A892002AF9A6 /* CCSpriteLoader.cpp */ = {isa = PBXFileReference; fileEncoding = 4; lastKnownFileType = sourcecode.cpp.cpp; path = CCSpriteLoader.cpp; sourceTree = "<group>"; };
		186A66041B37A892002AF9A6 /* CCSpriteLoader.h */ = {isa = PBXFileReference; fileEncoding = 4; lastKnownFileType = sourcecode.c.h; path = CCSpriteLoader.h; sourceTree = "<group>"; };
		186A66051B37A892002AF9A6 /* cocos-ext.h */ = {isa = PBXFileReference; fileEncoding = 4; lastKnownFileType = sourcecode.c.h; path = "cocos-ext.h"; sourceTree = "<group>"; };
		186A66D61B37A892002AF9A6 /* ExtensionExport.h */ = {isa = PBXFileReference; fileEncoding = 4; lastKnownFileType = sourcecode.c.h; path = ExtensionExport.h; sourceTree = "<group>"; };
		186A66D71B37A892002AF9A6 /* ExtensionMacros.h */ = {isa = PBXFileReference; fileEncoding = 4; lastKnownFileType = sourcecode.c.h; path = ExtensionMacros.h; sourceTree = "<group>"; };
		186A66DA1B37A892002AF9A6 /* CCControl.cpp */ = {isa = PBXFileReference; fileEncoding = 4; lastKnownFileType = sourcecode.cpp.cpp; path = CCControl.cpp; sourceTree = "<group>"; };
		186A66DB1B37A892002AF9A6 /* CCControl.h */ = {isa = PBXFileReference; fileEncoding = 4; lastKnownFileType = sourcecode.c.h; path = CCControl.h; sourceTree = "<group>"; };
		186A66DC1B37A892002AF9A6 /* CCControlButton.cpp */ = {isa = PBXFileReference; fileEncoding = 4; lastKnownFileType = sourcecode.cpp.cpp; path = CCControlButton.cpp; sourceTree = "<group>"; };
		186A66DD1B37A892002AF9A6 /* CCControlButton.h */ = {isa = PBXFileReference; fileEncoding = 4; lastKnownFileType = sourcecode.c.h; path = CCControlButton.h; sourceTree = "<group>"; };
		186A66E01B37A892002AF9A6 /* CCControlExtensions.h */ = {isa = PBXFileReference; fileEncoding = 4; lastKnownFileType = sourcecode.c.h; path = CCControlExtensions.h; sourceTree = "<group>"; };
		186A66ED1B37A892002AF9A6 /* CCControlUtils.cpp */ = {isa = PBXFileReference; fileEncoding = 4; lastKnownFileType = sourcecode.cpp.cpp; path = CCControlUtils.cpp; sourceTree = "<group>"; };
		186A66EE1B37A892002AF9A6 /* CCControlUtils.h */ = {isa = PBXFileReference; fileEncoding = 4; lastKnownFileType = sourcecode.c.h; path = CCControlUtils.h; sourceTree = "<group>"; };
		186A66EF1B37A892002AF9A6 /* CCInvocation.cpp */ = {isa = PBXFileReference; fileEncoding = 4; lastKnownFileType = sourcecode.cpp.cpp; path = CCInvocation.cpp; sourceTree = "<group>"; };
		186A66F01B37A892002AF9A6 /* CCInvocation.h */ = {isa = PBXFileReference; fileEncoding = 4; lastKnownFileType = sourcecode.c.h; path = CCInvocation.h; sourceTree = "<group>"; };
		186A66F11B37A892002AF9A6 /* CCScale9Sprite.cpp */ = {isa = PBXFileReference; fileEncoding = 4; lastKnownFileType = sourcecode.cpp.cpp; path = CCScale9Sprite.cpp; sourceTree = "<group>"; };
		186A66F21B37A892002AF9A6 /* CCScale9Sprite.h */ = {isa = PBXFileReference; fileEncoding = 4; lastKnownFileType = sourcecode.c.h; path = CCScale9Sprite.h; sourceTree = "<group>"; };
		186A66F41B37A892002AF9A6 /* CCEditBox.cpp */ = {isa = PBXFileReference; fileEncoding = 4; lastKnownFileType = sourcecode.cpp.cpp; path = CCEditBox.cpp; sourceTree = "<group>"; };
		186A66F51B37A892002AF9A6 /* CCEditBox.h */ = {isa = PBXFileReference; fileEncoding = 4; lastKnownFileType = sourcecode.c.h; path = CCEditBox.h; sourceTree = "<group>"; };
		186A66F61B37A892002AF9A6 /* CCEditBoxImpl.h */ = {isa = PBXFileReference; fileEncoding = 4; lastKnownFileType = sourcecode.c.h; path = CCEditBoxImpl.h; sourceTree = "<group>"; };
		186A66F91B37A892002AF9A6 /* CCEditBoxImplIOS.h */ = {isa = PBXFileReference; fileEncoding = 4; lastKnownFileType = sourcecode.c.h; path = CCEditBoxImplIOS.h; sourceTree = "<group>"; };
		186A66FA1B37A892002AF9A6 /* CCEditBoxImplIOS.mm */ = {isa = PBXFileReference; fileEncoding = 4; lastKnownFileType = sourcecode.cpp.objcpp; path = CCEditBoxImplIOS.mm; sourceTree = "<group>"; };
		186A67071B37A892002AF9A6 /* CCScrollView.cpp */ = {isa = PBXFileReference; fileEncoding = 4; lastKnownFileType = sourcecode.cpp.cpp; path = CCScrollView.cpp; sourceTree = "<group>"; };
		186A67081B37A892002AF9A6 /* CCScrollView.h */ = {isa = PBXFileReference; fileEncoding = 4; lastKnownFileType = sourcecode.c.h; path = CCScrollView.h; sourceTree = "<group>"; };
		186A67091B37A892002AF9A6 /* CCSorting.cpp */ = {isa = PBXFileReference; fileEncoding = 4; lastKnownFileType = sourcecode.cpp.cpp; path = CCSorting.cpp; sourceTree = "<group>"; };
		186A670A1B37A892002AF9A6 /* CCSorting.h */ = {isa = PBXFileReference; fileEncoding = 4; lastKnownFileType = sourcecode.c.h; path = CCSorting.h; sourceTree = "<group>"; };
		186A670B1B37A892002AF9A6 /* CCTableView.cpp */ = {isa = PBXFileReference; fileEncoding = 4; lastKnownFileType = sourcecode.cpp.cpp; path = CCTableView.cpp; sourceTree = "<group>"; };
		186A670C1B37A892002AF9A6 /* CCTableView.h */ = {isa = PBXFileReference; fileEncoding = 4; lastKnownFileType = sourcecode.c.h; path = CCTableView.h; sourceTree = "<group>"; };
		186A670D1B37A892002AF9A6 /* CCTableViewCell.cpp */ = {isa = PBXFileReference; fileEncoding = 4; lastKnownFileType = sourcecode.cpp.cpp; path = CCTableViewCell.cpp; sourceTree = "<group>"; };
		186A670E1B37A892002AF9A6 /* CCTableViewCell.h */ = {isa = PBXFileReference; fileEncoding = 4; lastKnownFileType = sourcecode.c.h; path = CCTableViewCell.h; sourceTree = "<group>"; };
		186A67101B37A892002AF9A6 /* LocalStorage.cpp */ = {isa = PBXFileReference; fileEncoding = 4; lastKnownFileType = sourcecode.cpp.cpp; path = LocalStorage.cpp; sourceTree = "<group>"; };
		186A67111B37A892002AF9A6 /* LocalStorage.h */ = {isa = PBXFileReference; fileEncoding = 4; lastKnownFileType = sourcecode.c.h; path = LocalStorage.h; sourceTree = "<group>"; };
		186A67141B37A892002AF9A6 /* HttpClient.cpp */ = {isa = PBXFileReference; fileEncoding = 4; lastKnownFileType = sourcecode.cpp.cpp; path = HttpClient.cpp; sourceTree = "<group>"; };
		186A67151B37A892002AF9A6 /* HttpClient.h */ = {isa = PBXFileReference; fileEncoding = 4; lastKnownFileType = sourcecode.c.h; path = HttpClient.h; sourceTree = "<group>"; };
		186A67161B37A892002AF9A6 /* HttpRequest.h */ = {isa = PBXFileReference; fileEncoding = 4; lastKnownFileType = sourcecode.c.h; path = HttpRequest.h; sourceTree = "<group>"; };
		186A67171B37A892002AF9A6 /* HttpResponse.h */ = {isa = PBXFileReference; fileEncoding = 4; lastKnownFileType = sourcecode.c.h; path = HttpResponse.h; sourceTree = "<group>"; };
		186A67181B37A892002AF9A6 /* WebSocket.cpp */ = {isa = PBXFileReference; fileEncoding = 4; lastKnownFileType = sourcecode.cpp.cpp; path = WebSocket.cpp; sourceTree = "<group>"; };
		186A67191B37A892002AF9A6 /* WebSocket.h */ = {isa = PBXFileReference; fileEncoding = 4; lastKnownFileType = sourcecode.c.h; path = WebSocket.h; sourceTree = "<group>"; };
		186A68321B37AB50002AF9A6 /* libwebsockets.a */ = {isa = PBXFileReference; lastKnownFileType = archive.ar; name = libwebsockets.a; path = ../../../external/libwebsockets/ios/lib/libwebsockets.a; sourceTree = "<group>"; };
		186A68341B37AB68002AF9A6 /* libcurl.a */ = {isa = PBXFileReference; lastKnownFileType = archive.ar; name = libcurl.a; path = ../../../cocos2dx/platform/third_party/ios/libraries/libcurl.a; sourceTree = "<group>"; };
		186A68361B37ABE8002AF9A6 /* libsqlite3.dylib */ = {isa = PBXFileReference; lastKnownFileType = "compiled.mach-o.dylib"; name = libsqlite3.dylib; path = usr/lib/libsqlite3.dylib; sourceTree = SDKROOT; };
		18B1EAD91B383F5F003201A8 /* SettingScene.h */ = {isa = PBXFileReference; lastKnownFileType = sourcecode.c.h; path = SettingScene.h; sourceTree = "<group>"; };
		18B1EADA1B383F6B003201A8 /* SettingScene.cpp */ = {isa = PBXFileReference; fileEncoding = 4; lastKnownFileType = sourcecode.cpp.cpp; path = SettingScene.cpp; sourceTree = "<group>"; };
		18B1EADC1B3849CA003201A8 /* control_normal.png */ = {isa = PBXFileReference; lastKnownFileType = image.png; path = control_normal.png; sourceTree = "<group>"; };
		18B1EADD1B3849CA003201A8 /* control_selected.png */ = {isa = PBXFileReference; lastKnownFileType = image.png; path = control_selected.png; sourceTree = "<group>"; };
		18B634011B370912007B2926 /* cocos2dx.xcodeproj */ = {isa = PBXFileReference; lastKnownFileType = "wrapper.pb-project"; name = cocos2dx.xcodeproj; path = ../../../cocos2dx/proj.ios/cocos2dx.xcodeproj; sourceTree = "<group>"; };
		18B634291B370A6E007B2926 /* Export.h */ = {isa = PBXFileReference; fileEncoding = 4; lastKnownFileType = sourcecode.c.h; path = Export.h; sourceTree = "<group>"; };
		18B6342A1B370A6E007B2926 /* SimpleAudioEngine.h */ = {isa = PBXFileReference; fileEncoding = 4; lastKnownFileType = sourcecode.c.h; path = SimpleAudioEngine.h; sourceTree = "<group>"; };
		18B6342C1B370A6E007B2926 /* CDAudioManager.h */ = {isa = PBXFileReference; fileEncoding = 4; lastKnownFileType = sourcecode.c.h; path = CDAudioManager.h; sourceTree = "<group>"; };
		18B6342D1B370A6E007B2926 /* CDAudioManager.m */ = {isa = PBXFileReference; fileEncoding = 4; lastKnownFileType = sourcecode.c.objc; path = CDAudioManager.m; sourceTree = "<group>"; };
		18B6342E1B370A6E007B2926 /* CDConfig.h */ = {isa = PBXFileReference; fileEncoding = 4; lastKnownFileType = sourcecode.c.h; path = CDConfig.h; sourceTree = "<group>"; };
		18B6342F1B370A6E007B2926 /* CDOpenALSupport.h */ = {isa = PBXFileReference; fileEncoding = 4; lastKnownFileType = sourcecode.c.h; path = CDOpenALSupport.h; sourceTree = "<group>"; };
		18B634301B370A6E007B2926 /* CDOpenALSupport.m */ = {isa = PBXFileReference; fileEncoding = 4; lastKnownFileType = sourcecode.c.objc; path = CDOpenALSupport.m; sourceTree = "<group>"; };
		18B634311B370A6E007B2926 /* CocosDenshion.h */ = {isa = PBXFileReference; fileEncoding = 4; lastKnownFileType = sourcecode.c.h; path = CocosDenshion.h; sourceTree = "<group>"; };
		18B634321B370A6E007B2926 /* CocosDenshion.m */ = {isa = PBXFileReference; fileEncoding = 4; lastKnownFileType = sourcecode.c.objc; path = CocosDenshion.m; sourceTree = "<group>"; };
		18B634331B370A6E007B2926 /* SimpleAudioEngine.mm */ = {isa = PBXFileReference; fileEncoding = 4; lastKnownFileType = sourcecode.cpp.objcpp; path = SimpleAudioEngine.mm; sourceTree = "<group>"; };
		18B634341B370A6E007B2926 /* SimpleAudioEngine_objc.h */ = {isa = PBXFileReference; fileEncoding = 4; lastKnownFileType = sourcecode.c.h; path = SimpleAudioEngine_objc.h; sourceTree = "<group>"; };
		18B634351B370A6E007B2926 /* SimpleAudioEngine_objc.m */ = {isa = PBXFileReference; fileEncoding = 4; lastKnownFileType = sourcecode.c.objc; path = SimpleAudioEngine_objc.m; sourceTree = "<group>"; };
		18B635011B370CB4007B2926 /* NS_SDKFactory.cpp */ = {isa = PBXFileReference; fileEncoding = 4; lastKnownFileType = sourcecode.cpp.cpp; path = NS_SDKFactory.cpp; sourceTree = "<group>"; };
		18B635031B370CDE007B2926 /* NS_SDKFactory.h */ = {isa = PBXFileReference; fileEncoding = 4; lastKnownFileType = sourcecode.c.h; path = NS_SDKFactory.h; sourceTree = "<group>"; };
		18B635041B370DBF007B2926 /* NS_SDKPlatform.h */ = {isa = PBXFileReference; lastKnownFileType = sourcecode.c.h; path = NS_SDKPlatform.h; sourceTree = "<group>"; };
		18B635061B370F9F007B2926 /* NS_SDKManager.h */ = {isa = PBXFileReference; lastKnownFileType = sourcecode.c.h; path = NS_SDKManager.h; sourceTree = "<group>"; };
		18B635071B370FAE007B2926 /* NS_SDKManager.cpp */ = {isa = PBXFileReference; fileEncoding = 4; lastKnownFileType = sourcecode.cpp.cpp; path = NS_SDKManager.cpp; sourceTree = "<group>"; };
		18B635091B371196007B2926 /* NS_SDKPlatformAndroid.cpp */ = {isa = PBXFileReference; fileEncoding = 4; lastKnownFileType = sourcecode.cpp.cpp; path = NS_SDKPlatformAndroid.cpp; sourceTree = "<group>"; };
		18D5BAE81B398D1F008387B7 /* JavaHelper.cpp */ = {isa = PBXFileReference; fileEncoding = 4; lastKnownFileType = sourcecode.cpp.cpp; path = JavaHelper.cpp; sourceTree = "<group>"; };
		18D5BAEA1B398D2D008387B7 /* JavaHelper.h */ = {isa = PBXFileReference; lastKnownFileType = sourcecode.c.h; path = JavaHelper.h; sourceTree = "<group>"; };
		1D30AB110D05D00D00671497 /* Foundation.framework */ = {isa = PBXFileReference; lastKnownFileType = wrapper.framework; name = Foundation.framework; path = System/Library/Frameworks/Foundation.framework; sourceTree = SDKROOT; };
		1D6058910D05DD3D006BFB54 /* SimpleGame.app */ = {isa = PBXFileReference; explicitFileType = wrapper.application; includeInIndex = 0; path = SimpleGame.app; sourceTree = BUILT_PRODUCTS_DIR; };
		1DF5F4DF0D08C38300B7A737 /* UIKit.framework */ = {isa = PBXFileReference; lastKnownFileType = wrapper.framework; name = UIKit.framework; path = System/Library/Frameworks/UIKit.framework; sourceTree = SDKROOT; };
		288765A40DF7441C002DB57D /* CoreGraphics.framework */ = {isa = PBXFileReference; lastKnownFileType = wrapper.framework; name = CoreGraphics.framework; path = System/Library/Frameworks/CoreGraphics.framework; sourceTree = SDKROOT; };
		781C33B11547F06B00633F88 /* OpenAL.framework */ = {isa = PBXFileReference; lastKnownFileType = wrapper.framework; name = OpenAL.framework; path = System/Library/Frameworks/OpenAL.framework; sourceTree = SDKROOT; };
		781C33B31547F06B00633F88 /* AudioToolbox.framework */ = {isa = PBXFileReference; lastKnownFileType = wrapper.framework; name = AudioToolbox.framework; path = System/Library/Frameworks/AudioToolbox.framework; sourceTree = SDKROOT; };
		781C33B51547F06B00633F88 /* AVFoundation.framework */ = {isa = PBXFileReference; lastKnownFileType = wrapper.framework; name = AVFoundation.framework; path = System/Library/Frameworks/AVFoundation.framework; sourceTree = SDKROOT; };
		782F4617153FEDF0009FC2E5 /* Default.png */ = {isa = PBXFileReference; lastKnownFileType = image.png; path = Default.png; sourceTree = SOURCE_ROOT; };
		BF137426128A8E4600D9F789 /* QuartzCore.framework */ = {isa = PBXFileReference; lastKnownFileType = wrapper.framework; name = QuartzCore.framework; path = System/Library/Frameworks/QuartzCore.framework; sourceTree = SDKROOT; };
		BF23D4E3143315EB00657E08 /* AppDelegate.cpp */ = {isa = PBXFileReference; fileEncoding = 4; lastKnownFileType = sourcecode.cpp.cpp; path = AppDelegate.cpp; sourceTree = "<group>"; };
		BF23D4E4143315EB00657E08 /* AppDelegate.h */ = {isa = PBXFileReference; fileEncoding = 4; lastKnownFileType = sourcecode.c.h; path = AppDelegate.h; sourceTree = "<group>"; };
		BF23D4E5143315EB00657E08 /* HelloWorldScene.cpp */ = {isa = PBXFileReference; fileEncoding = 4; lastKnownFileType = sourcecode.cpp.cpp; path = HelloWorldScene.cpp; sourceTree = "<group>"; };
		BF23D4E6143315EB00657E08 /* HelloWorldScene.h */ = {isa = PBXFileReference; fileEncoding = 4; lastKnownFileType = sourcecode.c.h; path = HelloWorldScene.h; sourceTree = "<group>"; };
		BF365AA612A103F70050DCF4 /* AppController.h */ = {isa = PBXFileReference; fileEncoding = 4; lastKnownFileType = sourcecode.c.h; path = AppController.h; sourceTree = "<group>"; };
		BF365AA712A103F70050DCF4 /* AppController.mm */ = {isa = PBXFileReference; fileEncoding = 4; lastKnownFileType = sourcecode.cpp.objcpp; path = AppController.mm; sourceTree = "<group>"; };
		BF492B6912891AC600A09262 /* libz.dylib */ = {isa = PBXFileReference; lastKnownFileType = "compiled.mach-o.dylib"; name = libz.dylib; path = usr/lib/libz.dylib; sourceTree = SDKROOT; };
		BF492C21128924A800A09262 /* libxml2.dylib */ = {isa = PBXFileReference; lastKnownFileType = "compiled.mach-o.dylib"; name = libxml2.dylib; path = usr/lib/libxml2.dylib; sourceTree = SDKROOT; };
		BF492D4B1289302400A09262 /* OpenGLES.framework */ = {isa = PBXFileReference; lastKnownFileType = wrapper.framework; name = OpenGLES.framework; path = System/Library/Frameworks/OpenGLES.framework; sourceTree = SDKROOT; };
		BF4DE6AB138BB89600CF907D /* RootViewController.h */ = {isa = PBXFileReference; fileEncoding = 4; lastKnownFileType = sourcecode.c.h; path = RootViewController.h; sourceTree = "<group>"; };
		BF4DE6AC138BB89600CF907D /* RootViewController.mm */ = {isa = PBXFileReference; fileEncoding = 4; lastKnownFileType = sourcecode.cpp.objcpp; path = RootViewController.mm; sourceTree = "<group>"; };
		D41A0AC5160F14F5004552AE /* Default-568h@2x.png */ = {isa = PBXFileReference; lastKnownFileType = image.png; name = "Default-568h@2x.png"; path = "../proj.ios/Default-568h@2x.png"; sourceTree = "<group>"; };
		D446FD46161020AB000ADA7B /* Default@2x.png */ = {isa = PBXFileReference; lastKnownFileType = image.png; name = "Default@2x.png"; path = "../proj.ios/Default@2x.png"; sourceTree = "<group>"; };
		D4ABB4B213B4395300552E6E /* main.m */ = {isa = PBXFileReference; fileEncoding = 4; lastKnownFileType = sourcecode.c.objc; path = main.m; sourceTree = "<group>"; };
		D4E6BC9015FCB5BA008BF525 /* GameOverScene.cpp */ = {isa = PBXFileReference; fileEncoding = 4; lastKnownFileType = sourcecode.cpp.cpp; path = GameOverScene.cpp; sourceTree = "<group>"; };
		D4E6BC9115FCB5BA008BF525 /* GameOverScene.h */ = {isa = PBXFileReference; fileEncoding = 4; lastKnownFileType = sourcecode.c.h; path = GameOverScene.h; sourceTree = "<group>"; };
		D4E6BCC415FCB6AA008BF525 /* background-music-aac.wav */ = {isa = PBXFileReference; lastKnownFileType = audio.wav; path = "background-music-aac.wav"; sourceTree = "<group>"; };
		D4E6BCC515FCB6AA008BF525 /* hd */ = {isa = PBXFileReference; lastKnownFileType = folder; path = hd; sourceTree = "<group>"; };
		D4E6BCC615FCB6AA008BF525 /* pew-pew-lei.wav */ = {isa = PBXFileReference; lastKnownFileType = audio.wav; path = "pew-pew-lei.wav"; sourceTree = "<group>"; };
		D4E6BCC715FCB6AA008BF525 /* sd */ = {isa = PBXFileReference; lastKnownFileType = folder; path = sd; sourceTree = "<group>"; };
		D4EF94E715BD319200D803EB /* Icon-57.png */ = {isa = PBXFileReference; lastKnownFileType = image.png; name = "Icon-57.png"; path = "../proj.ios/Icon-57.png"; sourceTree = "<group>"; };
		D4EF94E915BD319500D803EB /* Icon-114.png */ = {isa = PBXFileReference; lastKnownFileType = image.png; name = "Icon-114.png"; path = "../proj.ios/Icon-114.png"; sourceTree = "<group>"; };
		D4EF94EB15BD319B00D803EB /* Icon-72.png */ = {isa = PBXFileReference; lastKnownFileType = image.png; name = "Icon-72.png"; path = "../proj.ios/Icon-72.png"; sourceTree = "<group>"; };
		D4EF94ED15BD319D00D803EB /* Icon-144.png */ = {isa = PBXFileReference; lastKnownFileType = image.png; name = "Icon-144.png"; path = "../proj.ios/Icon-144.png"; sourceTree = "<group>"; };
/* End PBXFileReference section */

/* Begin PBXFrameworksBuildPhase section */
		1D60588F0D05DD3D006BFB54 /* Frameworks */ = {
			isa = PBXFrameworksBuildPhase;
			buildActionMask = 2147483647;
			files = (
				186A68371B37ABE8002AF9A6 /* libsqlite3.dylib in Frameworks */,
				186A68351B37AB68002AF9A6 /* libcurl.a in Frameworks */,
				186A68331B37AB50002AF9A6 /* libwebsockets.a in Frameworks */,
				18B634FF1B370AEA007B2926 /* libcocos2dx.a in Frameworks */,
				D4E6BCCE15FCBAD7008BF525 /* AudioToolbox.framework in Frameworks */,
				D4E6BCCD15FCBAC8008BF525 /* AVFoundation.framework in Frameworks */,
				D4E6BCCC15FCBABC008BF525 /* OpenAL.framework in Frameworks */,
				1D60589F0D05DD5A006BFB54 /* Foundation.framework in Frameworks */,
				1DF5F4E00D08C38300B7A737 /* UIKit.framework in Frameworks */,
				288765A50DF7441C002DB57D /* CoreGraphics.framework in Frameworks */,
				BF1373EF128A898400D9F789 /* OpenGLES.framework in Frameworks */,
				BF1373F0128A899500D9F789 /* libxml2.dylib in Frameworks */,
				BF1373F1128A899E00D9F789 /* libz.dylib in Frameworks */,
				BF13742F128A8E6A00D9F789 /* QuartzCore.framework in Frameworks */,
			);
			runOnlyForDeploymentPostprocessing = 0;
		};
/* End PBXFrameworksBuildPhase section */

/* Begin PBXGroup section */
		186A65CB1B37A892002AF9A6 /* extensions */ = {
			isa = PBXGroup;
			children = (
				186A65CD1B37A892002AF9A6 /* AssetsManager */,
				186A65D01B37A892002AF9A6 /* CCBReader */,
				186A66051B37A892002AF9A6 /* cocos-ext.h */,
				186A66D61B37A892002AF9A6 /* ExtensionExport.h */,
				186A66D71B37A892002AF9A6 /* ExtensionMacros.h */,
				186A66D81B37A892002AF9A6 /* GUI */,
				186A670F1B37A892002AF9A6 /* LocalStorage */,
				186A67131B37A892002AF9A6 /* network */,
			);
			name = extensions;
			path = ../../../extensions;
			sourceTree = "<group>";
		};
		186A65CD1B37A892002AF9A6 /* AssetsManager */ = {
			isa = PBXGroup;
			children = (
				186A65CE1B37A892002AF9A6 /* AssetsManager.cpp */,
				186A65CF1B37A892002AF9A6 /* AssetsManager.h */,
			);
			path = AssetsManager;
			sourceTree = "<group>";
		};
		186A65D01B37A892002AF9A6 /* CCBReader */ = {
			isa = PBXGroup;
			children = (
				186A65D11B37A892002AF9A6 /* CCBAnimationManager.cpp */,
				186A65D21B37A892002AF9A6 /* CCBAnimationManager.h */,
				186A65D31B37A892002AF9A6 /* CCBFileLoader.cpp */,
				186A65D41B37A892002AF9A6 /* CCBFileLoader.h */,
				186A65D51B37A892002AF9A6 /* CCBKeyframe.cpp */,
				186A65D61B37A892002AF9A6 /* CCBKeyframe.h */,
				186A65D71B37A892002AF9A6 /* CCBMemberVariableAssigner.h */,
				186A65D81B37A892002AF9A6 /* CCBReader.cpp */,
				186A65D91B37A892002AF9A6 /* CCBReader.h */,
				186A65DA1B37A892002AF9A6 /* CCBSelectorResolver.h */,
				186A65DB1B37A892002AF9A6 /* CCBSequence.cpp */,
				186A65DC1B37A892002AF9A6 /* CCBSequence.h */,
				186A65DD1B37A892002AF9A6 /* CCBSequenceProperty.cpp */,
				186A65DE1B37A892002AF9A6 /* CCBSequenceProperty.h */,
				186A65DF1B37A892002AF9A6 /* CCBValue.cpp */,
				186A65E01B37A892002AF9A6 /* CCBValue.h */,
				186A65E11B37A892002AF9A6 /* CCControlButtonLoader.cpp */,
				186A65E21B37A892002AF9A6 /* CCControlButtonLoader.h */,
				186A65E31B37A892002AF9A6 /* CCControlLoader.cpp */,
				186A65E41B37A892002AF9A6 /* CCControlLoader.h */,
				186A65E51B37A892002AF9A6 /* CCData.cpp */,
				186A65E61B37A892002AF9A6 /* CCData.h */,
				186A65E71B37A892002AF9A6 /* CCLabelBMFontLoader.cpp */,
				186A65E81B37A892002AF9A6 /* CCLabelBMFontLoader.h */,
				186A65E91B37A892002AF9A6 /* CCLabelTTFLoader.cpp */,
				186A65EA1B37A892002AF9A6 /* CCLabelTTFLoader.h */,
				186A65EB1B37A892002AF9A6 /* CCLayerColorLoader.cpp */,
				186A65EC1B37A892002AF9A6 /* CCLayerColorLoader.h */,
				186A65ED1B37A892002AF9A6 /* CCLayerGradientLoader.cpp */,
				186A65EE1B37A892002AF9A6 /* CCLayerGradientLoader.h */,
				186A65EF1B37A892002AF9A6 /* CCLayerLoader.cpp */,
				186A65F01B37A892002AF9A6 /* CCLayerLoader.h */,
				186A65F11B37A892002AF9A6 /* CCMenuItemImageLoader.cpp */,
				186A65F21B37A892002AF9A6 /* CCMenuItemImageLoader.h */,
				186A65F31B37A892002AF9A6 /* CCMenuItemLoader.cpp */,
				186A65F41B37A892002AF9A6 /* CCMenuItemLoader.h */,
				186A65F51B37A892002AF9A6 /* CCMenuLoader.h */,
				186A65F61B37A892002AF9A6 /* CCNode+CCBRelativePositioning.cpp */,
				186A65F71B37A892002AF9A6 /* CCNode+CCBRelativePositioning.h */,
				186A65F81B37A892002AF9A6 /* CCNodeLoader.cpp */,
				186A65F91B37A892002AF9A6 /* CCNodeLoader.h */,
				186A65FA1B37A892002AF9A6 /* CCNodeLoaderLibrary.cpp */,
				186A65FB1B37A892002AF9A6 /* CCNodeLoaderLibrary.h */,
				186A65FC1B37A892002AF9A6 /* CCNodeLoaderListener.h */,
				186A65FD1B37A892002AF9A6 /* CCParticleSystemQuadLoader.cpp */,
				186A65FE1B37A892002AF9A6 /* CCParticleSystemQuadLoader.h */,
				186A65FF1B37A892002AF9A6 /* CCScale9SpriteLoader.cpp */,
				186A66001B37A892002AF9A6 /* CCScale9SpriteLoader.h */,
				186A66011B37A892002AF9A6 /* CCScrollViewLoader.cpp */,
				186A66021B37A892002AF9A6 /* CCScrollViewLoader.h */,
				186A66031B37A892002AF9A6 /* CCSpriteLoader.cpp */,
				186A66041B37A892002AF9A6 /* CCSpriteLoader.h */,
			);
			path = CCBReader;
			sourceTree = "<group>";
		};
		186A66D81B37A892002AF9A6 /* GUI */ = {
			isa = PBXGroup;
			children = (
				186A66D91B37A892002AF9A6 /* CCControlExtension */,
				186A66F31B37A892002AF9A6 /* CCEditBox */,
				186A67061B37A892002AF9A6 /* CCScrollView */,
			);
			path = GUI;
			sourceTree = "<group>";
		};
		186A66D91B37A892002AF9A6 /* CCControlExtension */ = {
			isa = PBXGroup;
			children = (
				186A66DA1B37A892002AF9A6 /* CCControl.cpp */,
				186A66DB1B37A892002AF9A6 /* CCControl.h */,
				186A66DC1B37A892002AF9A6 /* CCControlButton.cpp */,
				186A66DD1B37A892002AF9A6 /* CCControlButton.h */,
				186A66E01B37A892002AF9A6 /* CCControlExtensions.h */,
				186A66ED1B37A892002AF9A6 /* CCControlUtils.cpp */,
				186A66EE1B37A892002AF9A6 /* CCControlUtils.h */,
				186A66EF1B37A892002AF9A6 /* CCInvocation.cpp */,
				186A66F01B37A892002AF9A6 /* CCInvocation.h */,
				186A66F11B37A892002AF9A6 /* CCScale9Sprite.cpp */,
				186A66F21B37A892002AF9A6 /* CCScale9Sprite.h */,
			);
			path = CCControlExtension;
			sourceTree = "<group>";
		};
		186A66F31B37A892002AF9A6 /* CCEditBox */ = {
			isa = PBXGroup;
			children = (
				186A66F41B37A892002AF9A6 /* CCEditBox.cpp */,
				186A66F51B37A892002AF9A6 /* CCEditBox.h */,
				186A66F61B37A892002AF9A6 /* CCEditBoxImpl.h */,
				186A66F91B37A892002AF9A6 /* CCEditBoxImplIOS.h */,
				186A66FA1B37A892002AF9A6 /* CCEditBoxImplIOS.mm */,
			);
			path = CCEditBox;
			sourceTree = "<group>";
		};
		186A67061B37A892002AF9A6 /* CCScrollView */ = {
			isa = PBXGroup;
			children = (
				186A67071B37A892002AF9A6 /* CCScrollView.cpp */,
				186A67081B37A892002AF9A6 /* CCScrollView.h */,
				186A67091B37A892002AF9A6 /* CCSorting.cpp */,
				186A670A1B37A892002AF9A6 /* CCSorting.h */,
				186A670B1B37A892002AF9A6 /* CCTableView.cpp */,
				186A670C1B37A892002AF9A6 /* CCTableView.h */,
				186A670D1B37A892002AF9A6 /* CCTableViewCell.cpp */,
				186A670E1B37A892002AF9A6 /* CCTableViewCell.h */,
			);
			path = CCScrollView;
			sourceTree = "<group>";
		};
		186A670F1B37A892002AF9A6 /* LocalStorage */ = {
			isa = PBXGroup;
			children = (
				186A67101B37A892002AF9A6 /* LocalStorage.cpp */,
				186A67111B37A892002AF9A6 /* LocalStorage.h */,
			);
			path = LocalStorage;
			sourceTree = "<group>";
		};
		186A67131B37A892002AF9A6 /* network */ = {
			isa = PBXGroup;
			children = (
				186A67141B37A892002AF9A6 /* HttpClient.cpp */,
				186A67151B37A892002AF9A6 /* HttpClient.h */,
				186A67161B37A892002AF9A6 /* HttpRequest.h */,
				186A67171B37A892002AF9A6 /* HttpResponse.h */,
				186A67181B37A892002AF9A6 /* WebSocket.cpp */,
				186A67191B37A892002AF9A6 /* WebSocket.h */,
			);
			path = network;
			sourceTree = "<group>";
		};
		18B634021B370912007B2926 /* Products */ = {
			isa = PBXGroup;
			children = (
				18B634061B370913007B2926 /* libcocos2dx.a */,
			);
			name = Products;
			sourceTree = "<group>";
		};
		18B6341D1B370A6E007B2926 /* CocosDenshion */ = {
			isa = PBXGroup;
			children = (
				18B634281B370A6E007B2926 /* include */,
				18B6342B1B370A6E007B2926 /* ios */,
			);
			name = CocosDenshion;
			path = ../../../CocosDenshion;
			sourceTree = "<group>";
		};
		18B634281B370A6E007B2926 /* include */ = {
			isa = PBXGroup;
			children = (
				18B634291B370A6E007B2926 /* Export.h */,
				18B6342A1B370A6E007B2926 /* SimpleAudioEngine.h */,
			);
			path = include;
			sourceTree = "<group>";
		};
		18B6342B1B370A6E007B2926 /* ios */ = {
			isa = PBXGroup;
			children = (
				18B6342C1B370A6E007B2926 /* CDAudioManager.h */,
				18B6342D1B370A6E007B2926 /* CDAudioManager.m */,
				18B6342E1B370A6E007B2926 /* CDConfig.h */,
				18B6342F1B370A6E007B2926 /* CDOpenALSupport.h */,
				18B634301B370A6E007B2926 /* CDOpenALSupport.m */,
				18B634311B370A6E007B2926 /* CocosDenshion.h */,
				18B634321B370A6E007B2926 /* CocosDenshion.m */,
				18B634331B370A6E007B2926 /* SimpleAudioEngine.mm */,
				18B634341B370A6E007B2926 /* SimpleAudioEngine_objc.h */,
				18B634351B370A6E007B2926 /* SimpleAudioEngine_objc.m */,
			);
			path = ios;
			sourceTree = "<group>";
		};
		18B635001B370C92007B2926 /* SDKManager */ = {
			isa = PBXGroup;
			children = (
				18B635011B370CB4007B2926 /* NS_SDKFactory.cpp */,
				18B635031B370CDE007B2926 /* NS_SDKFactory.h */,
				18B635041B370DBF007B2926 /* NS_SDKPlatform.h */,
				18B635061B370F9F007B2926 /* NS_SDKManager.h */,
				18B635071B370FAE007B2926 /* NS_SDKManager.cpp */,
				18B635091B371196007B2926 /* NS_SDKPlatformAndroid.cpp */,
			);
			path = SDKManager;
			sourceTree = "<group>";
		};
		18D5BAE41B398A21008387B7 /* Common */ = {
			isa = PBXGroup;
			children = (
				18D5BAE81B398D1F008387B7 /* JavaHelper.cpp */,
				18D5BAEA1B398D2D008387B7 /* JavaHelper.h */,
			);
			path = Common;
			sourceTree = "<group>";
		};
		19C28FACFE9D520D11CA2CBB /* Products */ = {
			isa = PBXGroup;
			children = (
				1D6058910D05DD3D006BFB54 /* SimpleGame.app */,
			);
			name = Products;
			sourceTree = "<group>";
		};
		29B97314FDCFA39411CA2CEA /* CustomTemplate */ = {
			isa = PBXGroup;
			children = (
				18B634011B370912007B2926 /* cocos2dx.xcodeproj */,
				BF23D4E2143315EB00657E08 /* Classes */,
				18B6341D1B370A6E007B2926 /* CocosDenshion */,
				29B97323FDCFA39411CA2CEA /* Frameworks */,
				186A65CB1B37A892002AF9A6 /* extensions */,
				BF5681CC1313A84D0055EEAC /* ios */,
				19C28FACFE9D520D11CA2CBB /* Products */,
				784521C214EBA449009D533B /* Resources */,
			);
			name = CustomTemplate;
			sourceTree = "<group>";
		};
		29B97323FDCFA39411CA2CEA /* Frameworks */ = {
			isa = PBXGroup;
			children = (
				186A68361B37ABE8002AF9A6 /* libsqlite3.dylib */,
				186A68341B37AB68002AF9A6 /* libcurl.a */,
				186A68321B37AB50002AF9A6 /* libwebsockets.a */,
				BF492B6912891AC600A09262 /* libz.dylib */,
				BF137426128A8E4600D9F789 /* QuartzCore.framework */,
				BF492D4B1289302400A09262 /* OpenGLES.framework */,
				BF492C21128924A800A09262 /* libxml2.dylib */,
				1DF5F4DF0D08C38300B7A737 /* UIKit.framework */,
				1D30AB110D05D00D00671497 /* Foundation.framework */,
				288765A40DF7441C002DB57D /* CoreGraphics.framework */,
				781C33B11547F06B00633F88 /* OpenAL.framework */,
				781C33B31547F06B00633F88 /* AudioToolbox.framework */,
				781C33B51547F06B00633F88 /* AVFoundation.framework */,
			);
			name = Frameworks;
			sourceTree = "<group>";
		};
		784521C214EBA449009D533B /* Resources */ = {
			isa = PBXGroup;
			children = (
				18B1EADC1B3849CA003201A8 /* control_normal.png */,
				18B1EADD1B3849CA003201A8 /* control_selected.png */,
				D4E6BCC415FCB6AA008BF525 /* background-music-aac.wav */,
				D4E6BCC515FCB6AA008BF525 /* hd */,
				D4E6BCC615FCB6AA008BF525 /* pew-pew-lei.wav */,
				D4E6BCC715FCB6AA008BF525 /* sd */,
				D4EF94ED15BD319D00D803EB /* Icon-144.png */,
				D4EF94EB15BD319B00D803EB /* Icon-72.png */,
				D4EF94E915BD319500D803EB /* Icon-114.png */,
				D4EF94E715BD319200D803EB /* Icon-57.png */,
				782F4617153FEDF0009FC2E5 /* Default.png */,
				D446FD46161020AB000ADA7B /* Default@2x.png */,
				D41A0AC5160F14F5004552AE /* Default-568h@2x.png */,
			);
			name = Resources;
			path = ../Resources;
			sourceTree = "<group>";
		};
		BF23D4E2143315EB00657E08 /* Classes */ = {
			isa = PBXGroup;
			children = (
				18D5BAE41B398A21008387B7 /* Common */,
				18B635001B370C92007B2926 /* SDKManager */,
				BF23D4E3143315EB00657E08 /* AppDelegate.cpp */,
				BF23D4E4143315EB00657E08 /* AppDelegate.h */,
				BF23D4E5143315EB00657E08 /* HelloWorldScene.cpp */,
				BF23D4E6143315EB00657E08 /* HelloWorldScene.h */,
				D4E6BC9015FCB5BA008BF525 /* GameOverScene.cpp */,
				D4E6BC9115FCB5BA008BF525 /* GameOverScene.h */,
				186A65C51B37A3BD002AF9A6 /* LoginBackScene.h */,
				186A65C61B37A3CC002AF9A6 /* LoginBackScene.cpp */,
				186A65C81B37A3DD002AF9A6 /* PayBackScene.cpp */,
				186A65CA1B37A3F5002AF9A6 /* PayBackScene.h */,
				18B1EAD91B383F5F003201A8 /* SettingScene.h */,
				18B1EADA1B383F6B003201A8 /* SettingScene.cpp */,
			);
			name = Classes;
			path = ../Classes;
			sourceTree = SOURCE_ROOT;
		};
		BF5681CC1313A84D0055EEAC /* ios */ = {
			isa = PBXGroup;
			children = (
				D4ABB4B213B4395300552E6E /* main.m */,
				BF365AA612A103F70050DCF4 /* AppController.h */,
				BF365AA712A103F70050DCF4 /* AppController.mm */,
				BF4DE6AB138BB89600CF907D /* RootViewController.h */,
				BF4DE6AC138BB89600CF907D /* RootViewController.mm */,
			);
			name = ios;
			sourceTree = "<group>";
		};
/* End PBXGroup section */

/* Begin PBXNativeTarget section */
		1D6058900D05DD3D006BFB54 /* SimpleGame */ = {
			isa = PBXNativeTarget;
			buildConfigurationList = 1D6058960D05DD3E006BFB54 /* Build configuration list for PBXNativeTarget "SimpleGame" */;
			buildPhases = (
				1D60588D0D05DD3D006BFB54 /* Resources */,
				1D60588E0D05DD3D006BFB54 /* Sources */,
				1D60588F0D05DD3D006BFB54 /* Frameworks */,
			);
			buildRules = (
			);
			dependencies = (
				18B634091B3709AB007B2926 /* PBXTargetDependency */,
			);
			name = SimpleGame;
			productName = HelloWorld;
			productReference = 1D6058910D05DD3D006BFB54 /* SimpleGame.app */;
			productType = "com.apple.product-type.application";
		};
/* End PBXNativeTarget section */

/* Begin PBXProject section */
		29B97313FDCFA39411CA2CEA /* Project object */ = {
			isa = PBXProject;
			attributes = {
			};
			buildConfigurationList = C01FCF4E08A954540054247B /* Build configuration list for PBXProject "SimpleGame" */;
			compatibilityVersion = "Xcode 3.1";
			developmentRegion = English;
			hasScannedForEncodings = 1;
			knownRegions = (
				English,
				Japanese,
				French,
				German,
			);
			mainGroup = 29B97314FDCFA39411CA2CEA /* CustomTemplate */;
			projectDirPath = "";
			projectReferences = (
				{
					ProductGroup = 18B634021B370912007B2926 /* Products */;
					ProjectRef = 18B634011B370912007B2926 /* cocos2dx.xcodeproj */;
				},
			);
			projectRoot = "";
			targets = (
				1D6058900D05DD3D006BFB54 /* SimpleGame */,
			);
		};
/* End PBXProject section */

/* Begin PBXReferenceProxy section */
		18B634061B370913007B2926 /* libcocos2dx.a */ = {
			isa = PBXReferenceProxy;
			fileType = archive.ar;
			path = libcocos2dx.a;
			remoteRef = 18B634051B370913007B2926 /* PBXContainerItemProxy */;
			sourceTree = BUILT_PRODUCTS_DIR;
		};
/* End PBXReferenceProxy section */

/* Begin PBXResourcesBuildPhase section */
		1D60588D0D05DD3D006BFB54 /* Resources */ = {
			isa = PBXResourcesBuildPhase;
			buildActionMask = 2147483647;
			files = (
				782F4619153FEDF0009FC2E5 /* Default.png in Resources */,
				D4EF94E815BD319200D803EB /* Icon-57.png in Resources */,
				18B1EADE1B3849CA003201A8 /* control_normal.png in Resources */,
				D4EF94EA15BD319500D803EB /* Icon-114.png in Resources */,
				D4EF94EC15BD319B00D803EB /* Icon-72.png in Resources */,
				D4EF94EE15BD319D00D803EB /* Icon-144.png in Resources */,
				D4E6BCC815FCB6AA008BF525 /* background-music-aac.wav in Resources */,
				D4E6BCC915FCB6AA008BF525 /* hd in Resources */,
				D4E6BCCA15FCB6AA008BF525 /* pew-pew-lei.wav in Resources */,
				18B1EADF1B3849CA003201A8 /* control_selected.png in Resources */,
				D4E6BCCB15FCB6AA008BF525 /* sd in Resources */,
				D41A0AC6160F14F5004552AE /* Default-568h@2x.png in Resources */,
				D446FD47161020AC000ADA7B /* Default@2x.png in Resources */,
			);
			runOnlyForDeploymentPostprocessing = 0;
		};
/* End PBXResourcesBuildPhase section */

/* Begin PBXSourcesBuildPhase section */
		1D60588E0D05DD3D006BFB54 /* Sources */ = {
			isa = PBXSourcesBuildPhase;
			buildActionMask = 2147483647;
			files = (
				186A67F81B37A892002AF9A6 /* CCTableViewCell.cpp in Sources */,
				186A678D1B37A892002AF9A6 /* CCNodeLoader.cpp in Sources */,
				186A67901B37A892002AF9A6 /* CCScale9SpriteLoader.cpp in Sources */,
				18B634BE1B370A6E007B2926 /* CDAudioManager.m in Sources */,
				BF365AA812A103F70050DCF4 /* AppController.mm in Sources */,
				186A678B1B37A892002AF9A6 /* CCMenuItemLoader.cpp in Sources */,
				186A67F61B37A892002AF9A6 /* CCSorting.cpp in Sources */,
				186A67801B37A892002AF9A6 /* CCBSequenceProperty.cpp in Sources */,
				186A67911B37A892002AF9A6 /* CCScrollViewLoader.cpp in Sources */,
				186A67E11B37A892002AF9A6 /* CCControlButton.cpp in Sources */,
				186A67821B37A892002AF9A6 /* CCControlButtonLoader.cpp in Sources */,
				186A67FC1B37A892002AF9A6 /* WebSocket.cpp in Sources */,
				186A67EC1B37A892002AF9A6 /* CCEditBox.cpp in Sources */,
				18B1EADB1B383F6B003201A8 /* SettingScene.cpp in Sources */,
				186A677A1B37A892002AF9A6 /* AssetsManager.cpp in Sources */,
				186A67881B37A892002AF9A6 /* CCLayerGradientLoader.cpp in Sources */,
				186A67F51B37A892002AF9A6 /* CCScrollView.cpp in Sources */,
				186A67EB1B37A892002AF9A6 /* CCScale9Sprite.cpp in Sources */,
				186A67F71B37A892002AF9A6 /* CCTableView.cpp in Sources */,
				186A67921B37A892002AF9A6 /* CCSpriteLoader.cpp in Sources */,
				18B634C21B370A6E007B2926 /* SimpleAudioEngine_objc.m in Sources */,
				186A677E1B37A892002AF9A6 /* CCBReader.cpp in Sources */,
				186A678E1B37A892002AF9A6 /* CCNodeLoaderLibrary.cpp in Sources */,
				BF4DE6AD138BB89600CF907D /* RootViewController.mm in Sources */,
				186A65C71B37A3CC002AF9A6 /* LoginBackScene.cpp in Sources */,
				18B635081B370FAE007B2926 /* NS_SDKManager.cpp in Sources */,
				186A677B1B37A892002AF9A6 /* CCBAnimationManager.cpp in Sources */,
				186A67F91B37A892002AF9A6 /* LocalStorage.cpp in Sources */,
				186A67841B37A892002AF9A6 /* CCData.cpp in Sources */,
				186A678C1B37A892002AF9A6 /* CCNode+CCBRelativePositioning.cpp in Sources */,
				18B635021B370CB4007B2926 /* NS_SDKFactory.cpp in Sources */,
				18B6350A1B371196007B2926 /* NS_SDKPlatformAndroid.cpp in Sources */,
				186A67871B37A892002AF9A6 /* CCLayerColorLoader.cpp in Sources */,
				D4ABB4B313B4395300552E6E /* main.m in Sources */,
				BF23D4E7143315EB00657E08 /* AppDelegate.cpp in Sources */,
				186A677D1B37A892002AF9A6 /* CCBKeyframe.cpp in Sources */,
				186A67831B37A892002AF9A6 /* CCControlLoader.cpp in Sources */,
				186A67EE1B37A892002AF9A6 /* CCEditBoxImplIOS.mm in Sources */,
				186A65C91B37A3DD002AF9A6 /* PayBackScene.cpp in Sources */,
				186A67FB1B37A892002AF9A6 /* HttpClient.cpp in Sources */,
				186A67E01B37A892002AF9A6 /* CCControl.cpp in Sources */,
				186A67851B37A892002AF9A6 /* CCLabelBMFontLoader.cpp in Sources */,
				186A67861B37A892002AF9A6 /* CCLabelTTFLoader.cpp in Sources */,
				BF23D4E8143315EB00657E08 /* HelloWorldScene.cpp in Sources */,
				18D5BAE91B398D1F008387B7 /* JavaHelper.cpp in Sources */,
				186A678A1B37A892002AF9A6 /* CCMenuItemImageLoader.cpp in Sources */,
				18B634C11B370A6E007B2926 /* SimpleAudioEngine.mm in Sources */,
				186A67811B37A892002AF9A6 /* CCBValue.cpp in Sources */,
				D4E6BC9215FCB5BA008BF525 /* GameOverScene.cpp in Sources */,
				18B634BF1B370A6E007B2926 /* CDOpenALSupport.m in Sources */,
				186A67891B37A892002AF9A6 /* CCLayerLoader.cpp in Sources */,
				186A678F1B37A892002AF9A6 /* CCParticleSystemQuadLoader.cpp in Sources */,
				186A677F1B37A892002AF9A6 /* CCBSequence.cpp in Sources */,
				186A67EA1B37A892002AF9A6 /* CCInvocation.cpp in Sources */,
				186A67E91B37A892002AF9A6 /* CCControlUtils.cpp in Sources */,
				186A677C1B37A892002AF9A6 /* CCBFileLoader.cpp in Sources */,
				18B634C01B370A6E007B2926 /* CocosDenshion.m in Sources */,
			);
			runOnlyForDeploymentPostprocessing = 0;
		};
/* End PBXSourcesBuildPhase section */

/* Begin PBXTargetDependency section */
		18B634091B3709AB007B2926 /* PBXTargetDependency */ = {
			isa = PBXTargetDependency;
			name = cocos2dx;
			targetProxy = 18B634081B3709AB007B2926 /* PBXContainerItemProxy */;
		};
/* End PBXTargetDependency section */

/* Begin XCBuildConfiguration section */
		1D6058940D05DD3E006BFB54 /* Debug */ = {
			isa = XCBuildConfiguration;
			buildSettings = {
				ALWAYS_SEARCH_USER_PATHS = NO;
				ARCHS = "$(ARCHS_STANDARD)";
				CODE_SIGN_IDENTITY = "iPhone Developer";
				COPY_PHASE_STRIP = NO;
				GCC_DYNAMIC_NO_PIC = NO;
				GCC_INLINES_ARE_PRIVATE_EXTERN = NO;
				GCC_OPTIMIZATION_LEVEL = 0;
				GCC_PRECOMPILE_PREFIX_HEADER = YES;
				GCC_PREFIX_HEADER = SimpleGame_Prefix.pch;
				GCC_PREPROCESSOR_DEFINITIONS = (
					USE_FILE32API,
					CC_TARGET_OS_IPHONE,
					"COCOS2D_DEBUG=1",
				);
				GCC_PREPROCESSOR_DEFINITIONS_NOT_USED_IN_PRECOMPS = "";
				GCC_SYMBOLS_PRIVATE_EXTERN = NO;
				GCC_VERSION = "";
				HEADER_SEARCH_PATHS = (
					"\"$(SDKROOT)/usr/include/libxml2/\"",
					"\"$(SRCROOT)/../../../cocos2dx/include\"",
					"\"$(SRCROOT)/../../../cocos2dx\"",
					"\"$(SRCROOT)/../../../cocos2dx/platform/ios\"",
					"\"$(SRCROOT)/../../../cocos2dx/kazmath/include\"",
					"$(SRCROOT)/../../../CocosDenshion/include",
					"$(SRCROOT)/../../../extensions",
					"$(SRCROOT)/../../../external/libwebsockets/ios/include",
					"$(SRCROOT)/../../../cocos2dx/platform/third_party/ios",
				);
				INFOPLIST_FILE = "SimpleGame-Info.plist";
				IPHONEOS_DEPLOYMENT_TARGET = 5.1.1;
				LIBRARY_SEARCH_PATHS = (
					"\"$(SRCROOT)/../../../cocos2dx/platform/third_party/ios/libraries\"",
					"\"$(SRCROOT)/../../../external/libwebsockets/ios/lib\"",
				);
				PRODUCT_NAME = SimpleGame;
				PROVISIONING_PROFILE = "";
				SDKROOT = iphoneos;
				TARGETED_DEVICE_FAMILY = "1,2";
				VALID_ARCHS = "armv6 armv7 i386";
			};
			name = Debug;
		};
		1D6058950D05DD3E006BFB54 /* Release */ = {
			isa = XCBuildConfiguration;
			buildSettings = {
				ALWAYS_SEARCH_USER_PATHS = NO;
				ARCHS = "$(ARCHS_STANDARD)";
				CODE_SIGN_IDENTITY = "iPhone Developer";
				COPY_PHASE_STRIP = YES;
				GCC_INLINES_ARE_PRIVATE_EXTERN = NO;
				GCC_PRECOMPILE_PREFIX_HEADER = YES;
				GCC_PREFIX_HEADER = SimpleGame_Prefix.pch;
				GCC_PREPROCESSOR_DEFINITIONS = (
					USE_FILE32API,
					CC_TARGET_OS_IPHONE,
				);
				GCC_PREPROCESSOR_DEFINITIONS_NOT_USED_IN_PRECOMPS = "";
				GCC_SYMBOLS_PRIVATE_EXTERN = NO;
				GCC_VERSION = "";
				HEADER_SEARCH_PATHS = (
					"\"$(SDKROOT)/usr/include/libxml2/\"",
					"\"$(SRCROOT)/../../../cocos2dx/include\"",
					"\"$(SRCROOT)/../../../cocos2dx\"",
					"\"$(SRCROOT)/../../../cocos2dx/platform/ios\"",
					"\"$(SRCROOT)/../../../cocos2dx/kazmath/include\"",
					"$(SRCROOT)/../../../CocosDenshion/include",
					"$(SRCROOT)/../../../extensions",
					"$(SRCROOT)/../../../external/libwebsockets/ios/include",
					"$(SRCROOT)/../../../cocos2dx/platform/third_party/ios",
				);
				INFOPLIST_FILE = "SimpleGame-Info.plist";
				IPHONEOS_DEPLOYMENT_TARGET = 5.1.1;
				LIBRARY_SEARCH_PATHS = (
					"\"$(SRCROOT)/../../../cocos2dx/platform/third_party/ios/libraries\"",
					"\"$(SRCROOT)/../../../external/libwebsockets/ios/lib\"",
				);
				PRODUCT_NAME = SimpleGame;
				PROVISIONING_PROFILE = "";
				SDKROOT = iphoneos;
				TARGETED_DEVICE_FAMILY = "1,2";
				VALIDATE_PRODUCT = YES;
				VALID_ARCHS = "armv6 armv7 i386";
			};
			name = Release;
		};
		C01FCF4F08A954540054247B /* Debug */ = {
			isa = XCBuildConfiguration;
			buildSettings = {
				ARCHS = "$(ARCHS_STANDARD_32_BIT)";
				"CODE_SIGN_IDENTITY[sdk=iphoneos*]" = "iPhone Developer";
				GCC_C_LANGUAGE_STANDARD = c99;
				GCC_VERSION = "";
				GCC_WARN_ABOUT_RETURN_TYPE = YES;
				GCC_WARN_UNUSED_VARIABLE = YES;
				PREBINDING = NO;
				SDKROOT = iphoneos;
				VALID_ARCHS = "armv6 armv7 i386";
			};
			name = Debug;
		};
		C01FCF5008A954540054247B /* Release */ = {
			isa = XCBuildConfiguration;
			buildSettings = {
				ARCHS = "$(ARCHS_STANDARD_32_BIT)";
				"CODE_SIGN_IDENTITY[sdk=iphoneos*]" = "iPhone Developer";
				GCC_C_LANGUAGE_STANDARD = c99;
				GCC_VERSION = "";
				GCC_WARN_ABOUT_RETURN_TYPE = YES;
				GCC_WARN_UNUSED_VARIABLE = YES;
				OTHER_CFLAGS = "-DNS_BLOCK_ASSERTIONS=1";
				PREBINDING = NO;
				SDKROOT = iphoneos;
				VALID_ARCHS = "armv6 armv7 i386";
			};
			name = Release;
		};
/* End XCBuildConfiguration section */

/* Begin XCConfigurationList section */
		1D6058960D05DD3E006BFB54 /* Build configuration list for PBXNativeTarget "SimpleGame" */ = {
			isa = XCConfigurationList;
			buildConfigurations = (
				1D6058940D05DD3E006BFB54 /* Debug */,
				1D6058950D05DD3E006BFB54 /* Release */,
			);
			defaultConfigurationIsVisible = 0;
			defaultConfigurationName = Release;
		};
		C01FCF4E08A954540054247B /* Build configuration list for PBXProject "SimpleGame" */ = {
			isa = XCConfigurationList;
			buildConfigurations = (
				C01FCF4F08A954540054247B /* Debug */,
				C01FCF5008A954540054247B /* Release */,
			);
			defaultConfigurationIsVisible = 0;
			defaultConfigurationName = Release;
		};
/* End XCConfigurationList section */
	};
	rootObject = 29B97313FDCFA39411CA2CEA /* Project object */;
}
